
Microsoft Visual Studio Solution File, Format Version 12.00
# Visual Studio Version 16
VisualStudioVersion = 16.0.32929.386
MinimumVisualStudioVersion = 10.0.40219.1
Project("{FAE04EC0-301F-11D3-BF4B-00C04F79EFBC}") = "CopyGroupPlugin", "CopyGroupPlugin\CopyGroupPlugin.csproj", "{5D8179B9-237E-410C-B939-F2F98F006CB9}"
EndProject
Global
	GlobalSection(SolutionConfigurationPlatforms) = preSolution
		Debug|Any CPU = Debug|Any CPU
		Release|Any CPU = Release|Any CPU
	EndGlobalSection
	GlobalSection(ProjectConfigurationPlatforms) = postSolution
		{5D8179B9-237E-410C-B939-F2F98F006CB9}.Debug|Any CPU.ActiveCfg = Debug|Any CPU
		{5D8179B9-237E-410C-B939-F2F98F006CB9}.Debug|Any CPU.Build.0 = Debug|Any CPU
		{5D8179B9-237E-410C-B939-F2F98F006CB9}.Release|Any CPU.ActiveCfg = Release|Any CPU
		{5D8179B9-237E-410C-B939-F2F98F006CB9}.Release|Any CPU.Build.0 = Release|Any CPU
	EndGlobalSection
	GlobalSection(SolutionProperties) = preSolution
		HideSolutionNode = FALSE
	EndGlobalSection
	GlobalSection(ExtensibilityGlobals) = postSolution
		SolutionGuid = {749B5D50-18DC-413C-9683-284563D97369}
	EndGlobalSection
EndGlobal
